
Microsoft Visual Studio Solution File, Format Version 12.00
# Visual Studio Version 17
VisualStudioVersion = 17.3.32901.215
MinimumVisualStudioVersion = 10.0.40219.1
Project("{FAE04EC0-301F-11D3-BF4B-00C04F79EFBC}") = "foreach kullanımı1 1120", "foreach kullanımı1 1120\foreach kullanımı1 1120.csproj", "{D2B954D8-679A-45E0-A74C-78C48E7E5C2A}"
EndProject
Global
	GlobalSection(SolutionConfigurationPlatforms) = preSolution
		Debug|Any CPU = Debug|Any CPU
		Release|Any CPU = Release|Any CPU
	EndGlobalSection
	GlobalSection(ProjectConfigurationPlatforms) = postSolution
		{D2B954D8-679A-45E0-A74C-78C48E7E5C2A}.Debug|Any CPU.ActiveCfg = Debug|Any CPU
		{D2B954D8-679A-45E0-A74C-78C48E7E5C2A}.Debug|Any CPU.Build.0 = Debug|Any CPU
		{D2B954D8-679A-45E0-A74C-78C48E7E5C2A}.Release|Any CPU.ActiveCfg = Release|Any CPU
		{D2B954D8-679A-45E0-A74C-78C48E7E5C2A}.Release|Any CPU.Build.0 = Release|Any CPU
	EndGlobalSection
	GlobalSection(SolutionProperties) = preSolution
		HideSolutionNode = FALSE
	EndGlobalSection
	GlobalSection(ExtensibilityGlobals) = postSolution
		SolutionGuid = {155C411C-525A-4793-BE80-4715EF8C642C}
	EndGlobalSection
EndGlobal
